{
  "name": "digitalthreadza",
  "version": "1.0.0",
  "lockfileVersion": 3,
  "requires": true,
  "packages": {
    "": {
      "name": "digitalthreadza",
      "version": "1.0.0",
      "license": "ISC",
      "workspaces": [
        "web",
        "experiments/ts-core-utils"
      ]
    },
    "experiments/ts-core-utils": {
      "version": "1.0.0",
      "license": "ISC",
      "dependencies": {
        "dotenv": "^17.2.3",
        "zod": "^4.1.13"
      },
      "devDependencies": {
        "@types/node": "^24.10.1",
        "ts-node": "^10.9.2",
        "tsx": "^4.20.6",
        "typescript": "^5.9.3"
      }
    },
    "experiments/ts-core-utils/node_modules/@cspotcode/source-map-support": {
      "version": "0.8.1",
      "dev": true,
      "license": "MIT",
      "dependencies": {
        "@jridgewell/trace-mapping": "0.3.9"
      },
      "engines": {
        "node": ">=12"
      }
    },
    "experiments/ts-core-utils/node_modules/@esbuild/darwin-arm64": {
      "version": "0.25.12",
      "cpu": [
        "arm64"
      ],
      "dev": true,
      "license": "MIT",
      "optional": true,
      "os": [
        "darwin"
      ],
      "engines": {
        "node": ">=18"
      }
    },
    "experiments/ts-core-utils/node_modules/@jridgewell/resolve-uri": {
      "version": "3.1.2",
      "dev": true,
      "license": "MIT",
      "engines": {
        "node": ">=6.0.0"
      }
    },
    "experiments/ts-core-utils/node_modules/@jridgewell/sourcemap-codec": {
      "version": "1.5.5",
      "dev": true,
      "license": "MIT"
    },
    "experiments/ts-core-utils/node_modules/@jridgewell/trace-mapping": {
      "version": "0.3.9",
      "dev": true,
      "license": "MIT",
      "dependencies": {
        "@jridgewell/resolve-uri": "^3.0.3",
        "@jridgewell/sourcemap-codec": "^1.4.10"
      }
    },
    "experiments/ts-core-utils/node_modules/@tsconfig/node10": {
      "version": "1.0.12",
      "dev": true,
      "license": "MIT"
    },
    "experiments/ts-core-utils/node_modules/@tsconfig/node12": {
      "version": "1.0.11",
      "dev": true,
      "license": "MIT"
    },
    "experiments/ts-core-utils/node_modules/@tsconfig/node14": {
      "version": "1.0.3",
      "dev": true,
      "license": "MIT"
    },
    "experiments/ts-core-utils/node_modules/@tsconfig/node16": {
      "version": "1.0.4",
      "dev": true,
      "license": "MIT"
    },
    "experiments/ts-core-utils/node_modules/@types/node": {
      "version": "24.10.1",
      "dev": true,
      "license": "MIT",
      "dependencies": {
        "undici-types": "~7.16.0"
      }
    },
    "experiments/ts-core-utils/node_modules/acorn": {
      "version": "8.15.0",
      "dev": true,
      "license": "MIT",
      "bin": {
        "acorn": "bin/acorn"
      },
      "engines": {
        "node": ">=0.4.0"
      }
    },
    "experiments/ts-core-utils/node_modules/acorn-walk": {
      "version": "8.3.4",
      "dev": true,
      "license": "MIT",
      "dependencies": {
        "acorn": "^8.11.0"
      },
      "engines": {
        "node": ">=0.4.0"
      }
    },
    "experiments/ts-core-utils/node_modules/arg": {
      "version": "4.1.3",
      "dev": true,
      "license": "MIT"
    },
    "experiments/ts-core-utils/node_modules/create-require": {
      "version": "1.1.1",
      "dev": true,
      "license": "MIT"
    },
    "experiments/ts-core-utils/node_modules/diff": {
      "version": "4.0.2",
      "dev": true,
      "license": "BSD-3-Clause",
      "engines": {
        "node": ">=0.3.1"
      }
    },
    "experiments/ts-core-utils/node_modules/esbuild": {
      "version": "0.25.12",
      "dev": true,
      "hasInstallScript": true,
      "license": "MIT",
      "bin": {
        "esbuild": "bin/esbuild"
      },
      "engines": {
        "node": ">=18"
      },
      "optionalDependencies": {
        "@esbuild/aix-ppc64": "0.25.12",
        "@esbuild/android-arm": "0.25.12",
        "@esbuild/android-arm64": "0.25.12",
        "@esbuild/android-x64": "0.25.12",
        "@esbuild/darwin-arm64": "0.25.12",
        "@esbuild/darwin-x64": "0.25.12",
        "@esbuild/freebsd-arm64": "0.25.12",
        "@esbuild/freebsd-x64": "0.25.12",
        "@esbuild/linux-arm": "0.25.12",
        "@esbuild/linux-arm64": "0.25.12",
        "@esbuild/linux-ia32": "0.25.12",
        "@esbuild/linux-loong64": "0.25.12",
        "@esbuild/linux-mips64el": "0.25.12",
        "@esbuild/linux-ppc64": "0.25.12",
        "@esbuild/linux-riscv64": "0.25.12",
        "@esbuild/linux-s390x": "0.25.12",
        "@esbuild/linux-x64": "0.25.12",
        "@esbuild/netbsd-arm64": "0.25.12",
        "@esbuild/netbsd-x64": "0.25.12",
        "@esbuild/openbsd-arm64": "0.25.12",
        "@esbuild/openbsd-x64": "0.25.12",
        "@esbuild/openharmony-arm64": "0.25.12",
        "@esbuild/sunos-x64": "0.25.12",
        "@esbuild/win32-arm64": "0.25.12",
        "@esbuild/win32-ia32": "0.25.12",
        "@esbuild/win32-x64": "0.25.12"
      }
    },
    "experiments/ts-core-utils/node_modules/get-tsconfig": {
      "version": "4.13.0",
      "dev": true,
      "license": "MIT",
      "dependencies": {
        "resolve-pkg-maps": "^1.0.0"
      },
      "funding": {
        "url": "https://github.com/privatenumber/get-tsconfig?sponsor=1"
      }
    },
    "experiments/ts-core-utils/node_modules/make-error": {
      "version": "1.3.6",
      "dev": true,
      "license": "ISC"
    },
    "experiments/ts-core-utils/node_modules/resolve-pkg-maps": {
      "version": "1.0.0",
      "dev": true,
      "license": "MIT",
      "funding": {
        "url": "https://github.com/privatenumber/resolve-pkg-maps?sponsor=1"
      }
    },
    "experiments/ts-core-utils/node_modules/ts-node": {
      "version": "10.9.2",
      "dev": true,
      "license": "MIT",
      "dependencies": {
        "@cspotcode/source-map-support": "^0.8.0",
        "@tsconfig/node10": "^1.0.7",
        "@tsconfig/node12": "^1.0.7",
        "@tsconfig/node14": "^1.0.0",
        "@tsconfig/node16": "^1.0.2",
        "acorn": "^8.4.1",
        "acorn-walk": "^8.1.1",
        "arg": "^4.1.0",
        "create-require": "^1.1.0",
        "diff": "^4.0.1",
        "make-error": "^1.1.1",
        "v8-compile-cache-lib": "^3.0.1",
        "yn": "3.1.1"
      },
      "bin": {
        "ts-node": "dist/bin.js",
        "ts-node-cwd": "dist/bin-cwd.js",
        "ts-node-esm": "dist/bin-esm.js",
        "ts-node-script": "dist/bin-script.js",
        "ts-node-transpile-only": "dist/bin-transpile.js",
        "ts-script": "dist/bin-script-deprecated.js"
      },
      "peerDependencies": {
        "@swc/core": ">=1.2.50",
        "@swc/wasm": ">=1.2.50",
        "@types/node": "*",
        "typescript": ">=2.7"
      },
      "peerDependenciesMeta": {
        "@swc/core": {
          "optional": true
        },
        "@swc/wasm": {
          "optional": true
        }
      }
    },
    "experiments/ts-core-utils/node_modules/tsx": {
      "version": "4.20.6",
      "dev": true,
      "license": "MIT",
      "dependencies": {
        "esbuild": "~0.25.0",
        "get-tsconfig": "^4.7.5"
      },
      "bin": {
        "tsx": "dist/cli.mjs"
      },
      "engines": {
        "node": ">=18.0.0"
      },
      "optionalDependencies": {
        "fsevents": "~2.3.3"
      }
    },
    "experiments/ts-core-utils/node_modules/typescript": {
      "version": "5.9.3",
      "dev": true,
      "license": "Apache-2.0",
      "bin": {
        "tsc": "bin/tsc",
        "tsserver": "bin/tsserver"
      },
      "engines": {
        "node": ">=14.17"
      }
    },
    "experiments/ts-core-utils/node_modules/undici-types": {
      "version": "7.16.0",
      "dev": true,
      "license": "MIT"
    },
    "experiments/ts-core-utils/node_modules/v8-compile-cache-lib": {
      "version": "3.0.1",
      "dev": true,
      "license": "MIT"
    },
    "experiments/ts-core-utils/node_modules/yn": {
      "version": "3.1.1",
      "dev": true,
      "license": "MIT",
      "engines": {
        "node": ">=6"
      }
    },
    "experiments/ts-core-utils/node_modules/zod": {
      "version": "4.1.13",
      "license": "MIT",
      "funding": {
        "url": "https://github.com/sponsors/colinhacks"
      }
    },
    "node_modules/dotenv": {
      "version": "17.2.3",
      "resolved": "https://registry.npmjs.org/dotenv/-/dotenv-17.2.3.tgz",
      "integrity": "sha512-JVUnt+DUIzu87TABbhPmNfVdBDt18BLOWjMUFJMSi/Qqg7NTYtabbvSNJGOJ7afbRuv9D/lngizHtP7QyLQ+9w==",
      "license": "BSD-2-Clause",
      "engines": {
        "node": ">=12"
      },
      "funding": {
        "url": "https://dotenvx.com"
      }
    },
    "node_modules/ts-core-utils": {
      "resolved": "experiments/ts-core-utils",
      "link": true
    },
    "node_modules/web": {
      "resolved": "web",
      "link": true
    },
    "web": {
      "version": "1.0.0",
      "license": "ISC",
      "dependencies": {
        "@hono/node-server": "^1.13.0",
        "dotenv": "^17.2.3",
        "hono": "^4.6.11",
        "marked": "^16.0.1",
        "ts-core-utils": "*"
      },
      "devDependencies": {
        "@types/marked": "^6.0.0",
        "@types/node": "^24.10.1",
        "tsx": "^4.20.6",
        "typescript": "^5.9.3"
      }
    },
    "web/node_modules/@esbuild/darwin-arm64": {
      "version": "0.25.12",
      "cpu": [
        "arm64"
      ],
      "dev": true,
      "license": "MIT",
      "optional": true,
      "os": [
        "darwin"
      ],
      "engines": {
        "node": ">=18"
      }
    },
    "web/node_modules/@hono/node-server": {
      "version": "1.19.6",
      "license": "MIT",
      "engines": {
        "node": ">=18.14.1"
      },
      "peerDependencies": {
        "hono": "^4"
      }
    },
    "web/node_modules/@types/marked": {
      "version": "6.0.0",
      "deprecated": "This is a stub types definition. marked provides its own type definitions, so you do not need this installed.",
      "dev": true,
      "license": "MIT",
      "dependencies": {
        "marked": "*"
      }
    },
    "web/node_modules/@types/node": {
      "version": "24.10.1",
      "dev": true,
      "license": "MIT",
      "dependencies": {
        "undici-types": "~7.16.0"
      }
    },
    "web/node_modules/esbuild": {
      "version": "0.25.12",
      "dev": true,
      "hasInstallScript": true,
      "license": "MIT",
      "bin": {
        "esbuild": "bin/esbuild"
      },
      "engines": {
        "node": ">=18"
      },
      "optionalDependencies": {
        "@esbuild/aix-ppc64": "0.25.12",
        "@esbuild/android-arm": "0.25.12",
        "@esbuild/android-arm64": "0.25.12",
        "@esbuild/android-x64": "0.25.12",
        "@esbuild/darwin-arm64": "0.25.12",
        "@esbuild/darwin-x64": "0.25.12",
        "@esbuild/freebsd-arm64": "0.25.12",
        "@esbuild/freebsd-x64": "0.25.12",
        "@esbuild/linux-arm": "0.25.12",
        "@esbuild/linux-arm64": "0.25.12",
        "@esbuild/linux-ia32": "0.25.12",
        "@esbuild/linux-loong64": "0.25.12",
        "@esbuild/linux-mips64el": "0.25.12",
        "@esbuild/linux-ppc64": "0.25.12",
        "@esbuild/linux-riscv64": "0.25.12",
        "@esbuild/linux-s390x": "0.25.12",
        "@esbuild/linux-x64": "0.25.12",
        "@esbuild/netbsd-arm64": "0.25.12",
        "@esbuild/netbsd-x64": "0.25.12",
        "@esbuild/openbsd-arm64": "0.25.12",
        "@esbuild/openbsd-x64": "0.25.12",
        "@esbuild/openharmony-arm64": "0.25.12",
        "@esbuild/sunos-x64": "0.25.12",
        "@esbuild/win32-arm64": "0.25.12",
        "@esbuild/win32-ia32": "0.25.12",
        "@esbuild/win32-x64": "0.25.12"
      }
    },
    "web/node_modules/get-tsconfig": {
      "version": "4.13.0",
      "dev": true,
      "license": "MIT",
      "dependencies": {
        "resolve-pkg-maps": "^1.0.0"
      },
      "funding": {
        "url": "https://github.com/privatenumber/get-tsconfig?sponsor=1"
      }
    },
    "web/node_modules/hono": {
      "version": "4.10.7",
      "license": "MIT",
      "engines": {
        "node": ">=16.9.0"
      }
    },
    "web/node_modules/marked": {
      "version": "16.4.2",
      "license": "MIT",
      "bin": {
        "marked": "bin/marked.js"
      },
      "engines": {
        "node": ">= 20"
      }
    },
    "web/node_modules/resolve-pkg-maps": {
      "version": "1.0.0",
      "dev": true,
      "license": "MIT",
      "funding": {
        "url": "https://github.com/privatenumber/resolve-pkg-maps?sponsor=1"
      }
    },
    "web/node_modules/tsx": {
      "version": "4.20.6",
      "dev": true,
      "license": "MIT",
      "dependencies": {
        "esbuild": "~0.25.0",
        "get-tsconfig": "^4.7.5"
      },
      "bin": {
        "tsx": "dist/cli.mjs"
      },
      "engines": {
        "node": ">=18.0.0"
      },
      "optionalDependencies": {
        "fsevents": "~2.3.3"
      }
    },
    "web/node_modules/typescript": {
      "version": "5.9.3",
      "dev": true,
      "license": "Apache-2.0",
      "bin": {
        "tsc": "bin/tsc",
        "tsserver": "bin/tsserver"
      },
      "engines": {
        "node": ">=14.17"
      }
    },
    "web/node_modules/undici-types": {
      "version": "7.16.0",
      "dev": true,
      "license": "MIT"
    }
  }
}
